{
  "name": "puckchain",
  "version": "0.1.2",
  "lockfileVersion": 3,
  "requires": true,
  "packages": {
    "": {
      "name": "puckchain",
      "version": "0.1.2",
      "license": "MIT",
      "dependencies": {
        "chain-lexer": "^1.10.0"
      }
    },
    "node_modules/chain-lexer": {
      "version": "1.10.0",
      "resolved": "https://registry.npmjs.org/chain-lexer/-/chain-lexer-1.10.0.tgz",
      "integrity": "sha512-pm+3UemFuCmBicUYONuE2+cUoOuLTpK6E4D7tK8+h6BPP9ZWGq+iDsx5gUl93PUb+kXLHR1K7CMV/IZ8VOEfXQ=="
    }
  }
}
