{
  "name": "puckchain",
  "version": "0.1.0",
  "lockfileVersion": 1,
  "requires": true,
  "dependencies": {
    "chain-lexer": {
      "version": "1.6.1",
      "resolved": "https://registry.npmjs.org/chain-lexer/-/chain-lexer-1.6.1.tgz",
      "integrity": "sha512-shDr7rMwg/o5y7J5flb2Hzwy4beo1C2oi+S/tHL1cfmbpKB0A63bxWpd6CoX6UvndUsJMNhVafEM4oX2csmkeQ=="
    }
  }
}
