{
  "name": "puckchain",
  "version": "0.1.0",
  "lockfileVersion": 3,
  "requires": true,
  "packages": {
    "": {
      "name": "puckchain",
      "version": "0.1.0",
      "license": "MIT",
      "dependencies": {
        "chain-lexer": "^1.9.0"
      }
    },
    "node_modules/chain-lexer": {
      "version": "1.9.0",
      "resolved": "https://registry.npmjs.org/chain-lexer/-/chain-lexer-1.9.0.tgz",
      "integrity": "sha512-ZM1PcOE5iPBatoPaJh+A02EeOl24FqiQ+G3Gsq16wahvMiviZCBE/GX/V0gIH4ltnMHs3A5/f/lVHQMg6bpr8A=="
    }
  }
}
